
Microsoft Visual Studio Solution File, Format Version 12.00
# Visual Studio 15
VisualStudioVersion = 15.0.27130.2010
MinimumVisualStudioVersion = 10.0.40219.1
Project("{FAE04EC0-301F-11D3-BF4B-00C04F79EFBC}") = "ConsoleApp23", "ConsoleApp23\ConsoleApp23.csproj", "{65BB5F56-17B7-45AB-BCFC-01C632637EE5}"
EndProject
Global
	GlobalSection(SolutionConfigurationPlatforms) = preSolution
		Debug|Any CPU = Debug|Any CPU
		Release|Any CPU = Release|Any CPU
	EndGlobalSection
	GlobalSection(ProjectConfigurationPlatforms) = postSolution
		{65BB5F56-17B7-45AB-BCFC-01C632637EE5}.Debug|Any CPU.ActiveCfg = Debug|Any CPU
		{65BB5F56-17B7-45AB-BCFC-01C632637EE5}.Debug|Any CPU.Build.0 = Debug|Any CPU
		{65BB5F56-17B7-45AB-BCFC-01C632637EE5}.Release|Any CPU.ActiveCfg = Release|Any CPU
		{65BB5F56-17B7-45AB-BCFC-01C632637EE5}.Release|Any CPU.Build.0 = Release|Any CPU
	EndGlobalSection
	GlobalSection(SolutionProperties) = preSolution
		HideSolutionNode = FALSE
	EndGlobalSection
	GlobalSection(ExtensibilityGlobals) = postSolution
		SolutionGuid = {0E31BC83-EF25-4642-B5C9-4C5A3298E8FC}
	EndGlobalSection
EndGlobal
