
Microsoft Visual Studio Solution File, Format Version 12.00
# Visual Studio 15
VisualStudioVersion = 15.0.27130.2010
MinimumVisualStudioVersion = 10.0.40219.1
Project("{FAE04EC0-301F-11D3-BF4B-00C04F79EFBC}") = "ConsoleApp15", "ConsoleApp15\ConsoleApp15.csproj", "{30CCFA4E-3BA8-4103-AAB7-1A6113793003}"
EndProject
Global
	GlobalSection(SolutionConfigurationPlatforms) = preSolution
		Debug|Any CPU = Debug|Any CPU
		Release|Any CPU = Release|Any CPU
	EndGlobalSection
	GlobalSection(ProjectConfigurationPlatforms) = postSolution
		{30CCFA4E-3BA8-4103-AAB7-1A6113793003}.Debug|Any CPU.ActiveCfg = Debug|Any CPU
		{30CCFA4E-3BA8-4103-AAB7-1A6113793003}.Debug|Any CPU.Build.0 = Debug|Any CPU
		{30CCFA4E-3BA8-4103-AAB7-1A6113793003}.Release|Any CPU.ActiveCfg = Release|Any CPU
		{30CCFA4E-3BA8-4103-AAB7-1A6113793003}.Release|Any CPU.Build.0 = Release|Any CPU
	EndGlobalSection
	GlobalSection(SolutionProperties) = preSolution
		HideSolutionNode = FALSE
	EndGlobalSection
	GlobalSection(ExtensibilityGlobals) = postSolution
		SolutionGuid = {7C0B33F7-8BFF-4C24-8555-C21B1B1F0C32}
	EndGlobalSection
EndGlobal
